// !$*UTF8*$!
{
	archiveVersion = 1;
	classes = {
	};
	objectVersion = 77;
	objects = {

/* Begin PBXBuildFile section */
		E1A988392E2B4BC10084D148 /* DGCharts in Frameworks */ = {isa = PBXBuildFile; productRef = E1A988382E2B4BC10084D148 /* DGCharts */; };
		E1A9883C2E2B4BE10084D148 /* RxBlocking in Frameworks */ = {isa = PBXBuildFile; productRef = E1A9883B2E2B4BE10084D148 /* RxBlocking */; };
		E1A9883E2E2B4BE10084D148 /* RxCocoa in Frameworks */ = {isa = PBXBuildFile; productRef = E1A9883D2E2B4BE10084D148 /* RxCocoa */; };
		E1A988402E2B4BE10084D148 /* RxRelay in Frameworks */ = {isa = PBXBuildFile; productRef = E1A9883F2E2B4BE10084D148 /* RxRelay */; };
		E1A988422E2B4BE10084D148 /* RxSwift in Frameworks */ = {isa = PBXBuildFile; productRef = E1A988412E2B4BE10084D148 /* RxSwift */; };
/* End PBXBuildFile section */

/* Begin PBXContainerItemProxy section */
		E1A988192E2B4AA80084D148 /* PBXContainerItemProxy */ = {
			isa = PBXContainerItemProxy;
			containerPortal = E1A987F72E2B4AA50084D148 /* Project object */;
			proxyType = 1;
			remoteGlobalIDString = E1A987FE2E2B4AA60084D148;
			remoteInfo = Assigment;
		};
		E1A988232E2B4AA80084D148 /* PBXContainerItemProxy */ = {
			isa = PBXContainerItemProxy;
			containerPortal = E1A987F72E2B4AA50084D148 /* Project object */;
			proxyType = 1;
			remoteGlobalIDString = E1A987FE2E2B4AA60084D148;
			remoteInfo = Assigment;
		};
/* End PBXContainerItemProxy section */

/* Begin PBXFileReference section */
		E1A987FF2E2B4AA60084D148 /* Assigment.app */ = {isa = PBXFileReference; explicitFileType = wrapper.application; includeInIndex = 0; path = Assigment.app; sourceTree = BUILT_PRODUCTS_DIR; };
		E1A988182E2B4AA80084D148 /* AssigmentTests.xctest */ = {isa = PBXFileReference; explicitFileType = wrapper.cfbundle; includeInIndex = 0; path = AssigmentTests.xctest; sourceTree = BUILT_PRODUCTS_DIR; };
		E1A988222E2B4AA80084D148 /* AssigmentUITests.xctest */ = {isa = PBXFileReference; explicitFileType = wrapper.cfbundle; includeInIndex = 0; path = AssigmentUITests.xctest; sourceTree = BUILT_PRODUCTS_DIR; };
/* End PBXFileReference section */

/* Begin PBXFileSystemSynchronizedBuildFileExceptionSet section */
		E1A9882A2E2B4AA80084D148 /* Exceptions for "Assigment" folder in "Assigment" target */ = {
			isa = PBXFileSystemSynchronizedBuildFileExceptionSet;
			membershipExceptions = (
				Info.plist,
			);
			target = E1A987FE2E2B4AA60084D148 /* Assigment */;
		};
		E1A988482E2B4CC30084D148 /* Exceptions for "Assigment" folder in "AssigmentTests" target */ = {
			isa = PBXFileSystemSynchronizedBuildFileExceptionSet;
			membershipExceptions = (
				Models/CurrencyRate.swift,
				Models/ExchangeRateResponse.swift,
				Services/CoreDataService.swift,
			);
			target = E1A988172E2B4AA80084D148 /* AssigmentTests */;
		};
		E1A988492E2B4CC30084D148 /* Exceptions for "Assigment" folder in "AssigmentUITests" target */ = {
			isa = PBXFileSystemSynchronizedBuildFileExceptionSet;
			membershipExceptions = (
				Models/CurrencyRate.swift,
				Models/ExchangeRateResponse.swift,
				Services/CoreDataService.swift,
			);
			target = E1A988212E2B4AA80084D148 /* AssigmentUITests */;
		};
/* End PBXFileSystemSynchronizedBuildFileExceptionSet section */

/* Begin PBXFileSystemSynchronizedRootGroup section */
		E1A988012E2B4AA60084D148 /* Assigment */ = {
			isa = PBXFileSystemSynchronizedRootGroup;
			exceptions = (
				E1A9882A2E2B4AA80084D148 /* Exceptions for "Assigment" folder in "Assigment" target */,
				E1A988482E2B4CC30084D148 /* Exceptions for "Assigment" folder in "AssigmentTests" target */,
				E1A988492E2B4CC30084D148 /* Exceptions for "Assigment" folder in "AssigmentUITests" target */,
			);
			path = Assigment;
			sourceTree = "<group>";
		};
		E1A9881B2E2B4AA80084D148 /* AssigmentTests */ = {
			isa = PBXFileSystemSynchronizedRootGroup;
			path = AssigmentTests;
			sourceTree = "<group>";
		};
		E1A988252E2B4AA80084D148 /* AssigmentUITests */ = {
			isa = PBXFileSystemSynchronizedRootGroup;
			path = AssigmentUITests;
			sourceTree = "<group>";
		};
/* End PBXFileSystemSynchronizedRootGroup section */

/* Begin PBXFrameworksBuildPhase section */
		E1A987FC2E2B4AA60084D148 /* Frameworks */ = {
			isa = PBXFrameworksBuildPhase;
			buildActionMask = 2147483647;
			files = (
				E1A9883E2E2B4BE10084D148 /* RxCocoa in Frameworks */,
				E1A988392E2B4BC10084D148 /* DGCharts in Frameworks */,
				E1A988422E2B4BE10084D148 /* RxSwift in Frameworks */,
				E1A988402E2B4BE10084D148 /* RxRelay in Frameworks */,
				E1A9883C2E2B4BE10084D148 /* RxBlocking in Frameworks */,
			);
			runOnlyForDeploymentPostprocessing = 0;
		};
		E1A988152E2B4AA80084D148 /* Frameworks */ = {
			isa = PBXFrameworksBuildPhase;
			buildActionMask = 2147483647;
			files = (
			);
			runOnlyForDeploymentPostprocessing = 0;
		};
		E1A9881F2E2B4AA80084D148 /* Frameworks */ = {
			isa = PBXFrameworksBuildPhase;
			buildActionMask = 2147483647;
			files = (
			);
			runOnlyForDeploymentPostprocessing = 0;
		};
/* End PBXFrameworksBuildPhase section */

/* Begin PBXGroup section */
		E1A987F62E2B4AA50084D148 = {
			isa = PBXGroup;
			children = (
				E1A988012E2B4AA60084D148 /* Assigment */,
				E1A9881B2E2B4AA80084D148 /* AssigmentTests */,
				E1A988252E2B4AA80084D148 /* AssigmentUITests */,
				E1A988002E2B4AA60084D148 /* Products */,
			);
			sourceTree = "<group>";
		};
		E1A988002E2B4AA60084D148 /* Products */ = {
			isa = PBXGroup;
			children = (
				E1A987FF2E2B4AA60084D148 /* Assigment.app */,
				E1A988182E2B4AA80084D148 /* AssigmentTests.xctest */,
				E1A988222E2B4AA80084D148 /* AssigmentUITests.xctest */,
			);
			name = Products;
			sourceTree = "<group>";
		};
/* End PBXGroup section */

/* Begin PBXNativeTarget section */
		E1A987FE2E2B4AA60084D148 /* Assigment */ = {
			isa = PBXNativeTarget;
			buildConfigurationList = E1A9882B2E2B4AA80084D148 /* Build configuration list for PBXNativeTarget "Assigment" */;
			buildPhases = (
				E1A987FB2E2B4AA60084D148 /* Sources */,
				E1A987FC2E2B4AA60084D148 /* Frameworks */,
				E1A987FD2E2B4AA60084D148 /* Resources */,
			);
			buildRules = (
			);
			dependencies = (
			);
			fileSystemSynchronizedGroups = (
				E1A988012E2B4AA60084D148 /* Assigment */,
			);
			name = Assigment;
			packageProductDependencies = (
				E1A988382E2B4BC10084D148 /* DGCharts */,
				E1A9883B2E2B4BE10084D148 /* RxBlocking */,
				E1A9883D2E2B4BE10084D148 /* RxCocoa */,
				E1A9883F2E2B4BE10084D148 /* RxRelay */,
				E1A988412E2B4BE10084D148 /* RxSwift */,
			);
			productName = Assigment;
			productReference = E1A987FF2E2B4AA60084D148 /* Assigment.app */;
			productType = "com.apple.product-type.application";
		};
		E1A988172E2B4AA80084D148 /* AssigmentTests */ = {
			isa = PBXNativeTarget;
			buildConfigurationList = E1A988302E2B4AA80084D148 /* Build configuration list for PBXNativeTarget "AssigmentTests" */;
			buildPhases = (
				E1A988142E2B4AA80084D148 /* Sources */,
				E1A988152E2B4AA80084D148 /* Frameworks */,
				E1A988162E2B4AA80084D148 /* Resources */,
			);
			buildRules = (
			);
			dependencies = (
				E1A9881A2E2B4AA80084D148 /* PBXTargetDependency */,
			);
			fileSystemSynchronizedGroups = (
				E1A9881B2E2B4AA80084D148 /* AssigmentTests */,
			);
			name = AssigmentTests;
			packageProductDependencies = (
			);
			productName = AssigmentTests;
			productReference = E1A988182E2B4AA80084D148 /* AssigmentTests.xctest */;
			productType = "com.apple.product-type.bundle.unit-test";
		};
		E1A988212E2B4AA80084D148 /* AssigmentUITests */ = {
			isa = PBXNativeTarget;
			buildConfigurationList = E1A988332E2B4AA80084D148 /* Build configuration list for PBXNativeTarget "AssigmentUITests" */;
			buildPhases = (
				E1A9881E2E2B4AA80084D148 /* Sources */,
				E1A9881F2E2B4AA80084D148 /* Frameworks */,
				E1A988202E2B4AA80084D148 /* Resources */,
			);
			buildRules = (
			);
			dependencies = (
				E1A988242E2B4AA80084D148 /* PBXTargetDependency */,
			);
			fileSystemSynchronizedGroups = (
				E1A988252E2B4AA80084D148 /* AssigmentUITests */,
			);
			name = AssigmentUITests;
			packageProductDependencies = (
			);
			productName = AssigmentUITests;
			productReference = E1A988222E2B4AA80084D148 /* AssigmentUITests.xctest */;
			productType = "com.apple.product-type.bundle.ui-testing";
		};
/* End PBXNativeTarget section */

/* Begin PBXProject section */
		E1A987F72E2B4AA50084D148 /* Project object */ = {
			isa = PBXProject;
			attributes = {
				BuildIndependentTargetsInParallel = 1;
				LastSwiftUpdateCheck = 1620;
				LastUpgradeCheck = 1620;
				TargetAttributes = {
					E1A987FE2E2B4AA60084D148 = {
						CreatedOnToolsVersion = 16.2;
					};
					E1A988172E2B4AA80084D148 = {
						CreatedOnToolsVersion = 16.2;
						TestTargetID = E1A987FE2E2B4AA60084D148;
					};
					E1A988212E2B4AA80084D148 = {
						CreatedOnToolsVersion = 16.2;
						TestTargetID = E1A987FE2E2B4AA60084D148;
					};
				};
			};
			buildConfigurationList = E1A987FA2E2B4AA50084D148 /* Build configuration list for PBXProject "Assigment" */;
			developmentRegion = en;
			hasScannedForEncodings = 0;
			knownRegions = (
				en,
				Base,
			);
			mainGroup = E1A987F62E2B4AA50084D148;
			minimizedProjectReferenceProxies = 1;
			packageReferences = (
				E1A988372E2B4BC10084D148 /* XCRemoteSwiftPackageReference "Charts" */,
				E1A9883A2E2B4BE10084D148 /* XCRemoteSwiftPackageReference "RxSwift" */,
			);
			preferredProjectObjectVersion = 77;
			productRefGroup = E1A988002E2B4AA60084D148 /* Products */;
			projectDirPath = "";
			projectRoot = "";
			targets = (
				E1A987FE2E2B4AA60084D148 /* Assigment */,
				E1A988172E2B4AA80084D148 /* AssigmentTests */,
				E1A988212E2B4AA80084D148 /* AssigmentUITests */,
			);
		};
/* End PBXProject section */

/* Begin PBXResourcesBuildPhase section */
		E1A987FD2E2B4AA60084D148 /* Resources */ = {
			isa = PBXResourcesBuildPhase;
			buildActionMask = 2147483647;
			files = (
			);
			runOnlyForDeploymentPostprocessing = 0;
		};
		E1A988162E2B4AA80084D148 /* Resources */ = {
			isa = PBXResourcesBuildPhase;
			buildActionMask = 2147483647;
			files = (
			);
			runOnlyForDeploymentPostprocessing = 0;
		};
		E1A988202E2B4AA80084D148 /* Resources */ = {
			isa = PBXResourcesBuildPhase;
			buildActionMask = 2147483647;
			files = (
			);
			runOnlyForDeploymentPostprocessing = 0;
		};
/* End PBXResourcesBuildPhase section */

/* Begin PBXSourcesBuildPhase section */
		E1A987FB2E2B4AA60084D148 /* Sources */ = {
			isa = PBXSourcesBuildPhase;
			buildActionMask = 2147483647;
			files = (
			);
			runOnlyForDeploymentPostprocessing = 0;
		};
		E1A988142E2B4AA80084D148 /* Sources */ = {
			isa = PBXSourcesBuildPhase;
			buildActionMask = 2147483647;
			files = (
			);
			runOnlyForDeploymentPostprocessing = 0;
		};
		E1A9881E2E2B4AA80084D148 /* Sources */ = {
			isa = PBXSourcesBuildPhase;
			buildActionMask = 2147483647;
			files = (
			);
			runOnlyForDeploymentPostprocessing = 0;
		};
/* End PBXSourcesBuildPhase section */

/* Begin PBXTargetDependency section */
		E1A9881A2E2B4AA80084D148 /* PBXTargetDependency */ = {
			isa = PBXTargetDependency;
			target = E1A987FE2E2B4AA60084D148 /* Assigment */;
			targetProxy = E1A988192E2B4AA80084D148 /* PBXContainerItemProxy */;
		};
		E1A988242E2B4AA80084D148 /* PBXTargetDependency */ = {
			isa = PBXTargetDependency;
			target = E1A987FE2E2B4AA60084D148 /* Assigment */;
			targetProxy = E1A988232E2B4AA80084D148 /* PBXContainerItemProxy */;
		};
/* End PBXTargetDependency section */

/* Begin XCBuildConfiguration section */
		E1A9882C2E2B4AA80084D148 /* Debug */ = {
			isa = XCBuildConfiguration;
			buildSettings = {
				ASSETCATALOG_COMPILER_APPICON_NAME = AppIcon;
				ASSETCATALOG_COMPILER_GLOBAL_ACCENT_COLOR_NAME = AccentColor;
				CODE_SIGN_STYLE = Automatic;
				CURRENT_PROJECT_VERSION = 1;
				DEVELOPMENT_TEAM = WT2885ZX46;
				GENERATE_INFOPLIST_FILE = YES;
				INFOPLIST_FILE = Assigment/Info.plist;
				INFOPLIST_KEY_UIApplicationSupportsIndirectInputEvents = YES;
				INFOPLIST_KEY_UILaunchStoryboardName = LaunchScreen;
				INFOPLIST_KEY_UIMainStoryboardFile = Main;
				INFOPLIST_KEY_UISupportedInterfaceOrientations_iPad = "UIInterfaceOrientationPortrait UIInterfaceOrientationPortraitUpsideDown UIInterfaceOrientationLandscapeLeft UIInterfaceOrientationLandscapeRight";
				INFOPLIST_KEY_UISupportedInterfaceOrientations_iPhone = "UIInterfaceOrientationPortrait UIInterfaceOrientationLandscapeLeft UIInterfaceOrientationLandscapeRight";
				LD_RUNPATH_SEARCH_PATHS = (
					"$(inherited)",
					"@executable_path/Frameworks",
				);
				MARKETING_VERSION = 1.0;
				PRODUCT_BUNDLE_IDENTIFIER = com.avinash.Assigment;
				PRODUCT_NAME = "$(TARGET_NAME)";
				SWIFT_EMIT_LOC_STRINGS = YES;
				SWIFT_VERSION = 5.0;
				TARGETED_DEVICE_FAMILY = "1,2";
			};
			name = Debug;
		};
		E1A9882D2E2B4AA80084D148 /* Release */ = {
			isa = XCBuildConfiguration;
			buildSettings = {
				ASSETCATALOG_COMPILER_APPICON_NAME = AppIcon;
				ASSETCATALOG_COMPILER_GLOBAL_ACCENT_COLOR_NAME = AccentColor;
				CODE_SIGN_STYLE = Automatic;
				CURRENT_PROJECT_VERSION = 1;
				DEVELOPMENT_TEAM = WT2885ZX46;
				GENERATE_INFOPLIST_FILE = YES;
				INFOPLIST_FILE = Assigment/Info.plist;
				INFOPLIST_KEY_UIApplicationSupportsIndirectInputEvents = YES;
				INFOPLIST_KEY_UILaunchStoryboardName = LaunchScreen;
				INFOPLIST_KEY_UIMainStoryboardFile = Main;
				INFOPLIST_KEY_UISupportedInterfaceOrientations_iPad = "UIInterfaceOrientationPortrait UIInterfaceOrientationPortraitUpsideDown UIInterfaceOrientationLandscapeLeft UIInterfaceOrientationLandscapeRight";
				INFOPLIST_KEY_UISupportedInterfaceOrientations_iPhone = "UIInterfaceOrientationPortrait UIInterfaceOrientationLandscapeLeft UIInterfaceOrientationLandscapeRight";
				LD_RUNPATH_SEARCH_PATHS = (
					"$(inherited)",
					"@executable_path/Frameworks",
				);
				MARKETING_VERSION = 1.0;
				PRODUCT_BUNDLE_IDENTIFIER = com.avinash.Assigment;
				PRODUCT_NAME = "$(TARGET_NAME)";
				SWIFT_EMIT_LOC_STRINGS = YES;
				SWIFT_VERSION = 5.0;
				TARGETED_DEVICE_FAMILY = "1,2";
			};
			name = Release;
		};
		E1A9882E2E2B4AA80084D148 /* Debug */ = {
			isa = XCBuildConfiguration;
			buildSettings = {
				ALWAYS_SEARCH_USER_PATHS = NO;
				ASSETCATALOG_COMPILER_GENERATE_SWIFT_ASSET_SYMBOL_EXTENSIONS = YES;
				CLANG_ANALYZER_NONNULL = YES;
				CLANG_ANALYZER_NUMBER_OBJECT_CONVERSION = YES_AGGRESSIVE;
				CLANG_CXX_LANGUAGE_STANDARD = "gnu++20";
				CLANG_ENABLE_MODULES = YES;
				CLANG_ENABLE_OBJC_ARC = YES;
				CLANG_ENABLE_OBJC_WEAK = YES;
				CLANG_WARN_BLOCK_CAPTURE_AUTORELEASING = YES;
				CLANG_WARN_BOOL_CONVERSION = YES;
				CLANG_WARN_COMMA = YES;
				CLANG_WARN_CONSTANT_CONVERSION = YES;
				CLANG_WARN_DEPRECATED_OBJC_IMPLEMENTATIONS = YES;
				CLANG_WARN_DIRECT_OBJC_ISA_USAGE = YES_ERROR;
				CLANG_WARN_DOCUMENTATION_COMMENTS = YES;
				CLANG_WARN_EMPTY_BODY = YES;
				CLANG_WARN_ENUM_CONVERSION = YES;
				CLANG_WARN_INFINITE_RECURSION = YES;
				CLANG_WARN_INT_CONVERSION = YES;
				CLANG_WARN_NON_LITERAL_NULL_CONVERSION = YES;
				CLANG_WARN_OBJC_IMPLICIT_RETAIN_SELF = YES;
				CLANG_WARN_OBJC_LITERAL_CONVERSION = YES;
				CLANG_WARN_OBJC_ROOT_CLASS = YES_ERROR;
				CLANG_WARN_QUOTED_INCLUDE_IN_FRAMEWORK_HEADER = YES;
				CLANG_WARN_RANGE_LOOP_ANALYSIS = YES;
				CLANG_WARN_STRICT_PROTOTYPES = YES;
				CLANG_WARN_SUSPICIOUS_MOVE = YES;
				CLANG_WARN_UNGUARDED_AVAILABILITY = YES_AGGRESSIVE;
				CLANG_WARN_UNREACHABLE_CODE = YES;
				CLANG_WARN__DUPLICATE_METHOD_MATCH = YES;
				COPY_PHASE_STRIP = NO;
				DEBUG_INFORMATION_FORMAT = dwarf;
				ENABLE_STRICT_OBJC_MSGSEND = YES;
				ENABLE_TESTABILITY = YES;
				ENABLE_USER_SCRIPT_SANDBOXING = YES;
				GCC_C_LANGUAGE_STANDARD = gnu17;
				GCC_DYNAMIC_NO_PIC = NO;
				GCC_NO_COMMON_BLOCKS = YES;
				GCC_OPTIMIZATION_LEVEL = 0;
				GCC_PREPROCESSOR_DEFINITIONS = (
					"DEBUG=1",
					"$(inherited)",
				);
				GCC_WARN_64_TO_32_BIT_CONVERSION = YES;
				GCC_WARN_ABOUT_RETURN_TYPE = YES_ERROR;
				GCC_WARN_UNDECLARED_SELECTOR = YES;
				GCC_WARN_UNINITIALIZED_AUTOS = YES_AGGRESSIVE;
				GCC_WARN_UNUSED_FUNCTION = YES;
				GCC_WARN_UNUSED_VARIABLE = YES;
				IPHONEOS_DEPLOYMENT_TARGET = 18.2;
				LOCALIZATION_PREFERS_STRING_CATALOGS = YES;
				MTL_ENABLE_DEBUG_INFO = INCLUDE_SOURCE;
				MTL_FAST_MATH = YES;
				ONLY_ACTIVE_ARCH = YES;
				SDKROOT = iphoneos;
				SWIFT_ACTIVE_COMPILATION_CONDITIONS = "DEBUG $(inherited)";
				SWIFT_OPTIMIZATION_LEVEL = "-Onone";
			};
			name = Debug;
		};
		E1A9882F2E2B4AA80084D148 /* Release */ = {
			isa = XCBuildConfiguration;
			buildSettings = {
				ALWAYS_SEARCH_USER_PATHS = NO;
				ASSETCATALOG_COMPILER_GENERATE_SWIFT_ASSET_SYMBOL_EXTENSIONS = YES;
				CLANG_ANALYZER_NONNULL = YES;
				CLANG_ANALYZER_NUMBER_OBJECT_CONVERSION = YES_AGGRESSIVE;
				CLANG_CXX_LANGUAGE_STANDARD = "gnu++20";
				CLANG_ENABLE_MODULES = YES;
				CLANG_ENABLE_OBJC_ARC = YES;
				CLANG_ENABLE_OBJC_WEAK = YES;
				CLANG_WARN_BLOCK_CAPTURE_AUTORELEASING = YES;
				CLANG_WARN_BOOL_CONVERSION = YES;
				CLANG_WARN_COMMA = YES;
				CLANG_WARN_CONSTANT_CONVERSION = YES;
				CLANG_WARN_DEPRECATED_OBJC_IMPLEMENTATIONS = YES;
				CLANG_WARN_DIRECT_OBJC_ISA_USAGE = YES_ERROR;
				CLANG_WARN_DOCUMENTATION_COMMENTS = YES;
				CLANG_WARN_EMPTY_BODY = YES;
				CLANG_WARN_ENUM_CONVERSION = YES;
				CLANG_WARN_INFINITE_RECURSION = YES;
				CLANG_WARN_INT_CONVERSION = YES;
				CLANG_WARN_NON_LITERAL_NULL_CONVERSION = YES;
				CLANG_WARN_OBJC_IMPLICIT_RETAIN_SELF = YES;
				CLANG_WARN_OBJC_LITERAL_CONVERSION = YES;
				CLANG_WARN_OBJC_ROOT_CLASS = YES_ERROR;
				CLANG_WARN_QUOTED_INCLUDE_IN_FRAMEWORK_HEADER = YES;
				CLANG_WARN_RANGE_LOOP_ANALYSIS = YES;
				CLANG_WARN_STRICT_PROTOTYPES = YES;
				CLANG_WARN_SUSPICIOUS_MOVE = YES;
				CLANG_WARN_UNGUARDED_AVAILABILITY = YES_AGGRESSIVE;
				CLANG_WARN_UNREACHABLE_CODE = YES;
				CLANG_WARN__DUPLICATE_METHOD_MATCH = YES;
				COPY_PHASE_STRIP = NO;
				DEBUG_INFORMATION_FORMAT = "dwarf-with-dsym";
				ENABLE_NS_ASSERTIONS = NO;
				ENABLE_STRICT_OBJC_MSGSEND = YES;
				ENABLE_USER_SCRIPT_SANDBOXING = YES;
				GCC_C_LANGUAGE_STANDARD = gnu17;
				GCC_NO_COMMON_BLOCKS = YES;
				GCC_WARN_64_TO_32_BIT_CONVERSION = YES;
				GCC_WARN_ABOUT_RETURN_TYPE = YES_ERROR;
				GCC_WARN_UNDECLARED_SELECTOR = YES;
				GCC_WARN_UNINITIALIZED_AUTOS = YES_AGGRESSIVE;
				GCC_WARN_UNUSED_FUNCTION = YES;
				GCC_WARN_UNUSED_VARIABLE = YES;
				IPHONEOS_DEPLOYMENT_TARGET = 18.2;
				LOCALIZATION_PREFERS_STRING_CATALOGS = YES;
				MTL_ENABLE_DEBUG_INFO = NO;
				MTL_FAST_MATH = YES;
				SDKROOT = iphoneos;
				SWIFT_COMPILATION_MODE = wholemodule;
				VALIDATE_PRODUCT = YES;
			};
			name = Release;
		};
		E1A988312E2B4AA80084D148 /* Debug */ = {
			isa = XCBuildConfiguration;
			buildSettings = {
				BUNDLE_LOADER = "$(TEST_HOST)";
				CODE_SIGN_STYLE = Automatic;
				CURRENT_PROJECT_VERSION = 1;
				DEVELOPMENT_TEAM = WT2885ZX46;
				GENERATE_INFOPLIST_FILE = YES;
				IPHONEOS_DEPLOYMENT_TARGET = 18.2;
				MARKETING_VERSION = 1.0;
				PRODUCT_BUNDLE_IDENTIFIER = com.avinash.AssigmentTests;
				PRODUCT_NAME = "$(TARGET_NAME)";
				SWIFT_EMIT_LOC_STRINGS = NO;
				SWIFT_VERSION = 5.0;
				TARGETED_DEVICE_FAMILY = "1,2";
				TEST_HOST = "$(BUILT_PRODUCTS_DIR)/Assigment.app/$(BUNDLE_EXECUTABLE_FOLDER_PATH)/Assigment";
			};
			name = Debug;
		};
		E1A988322E2B4AA80084D148 /* Release */ = {
			isa = XCBuildConfiguration;
			buildSettings = {
				BUNDLE_LOADER = "$(TEST_HOST)";
				CODE_SIGN_STYLE = Automatic;
				CURRENT_PROJECT_VERSION = 1;
				DEVELOPMENT_TEAM = WT2885ZX46;
				GENERATE_INFOPLIST_FILE = YES;
				IPHONEOS_DEPLOYMENT_TARGET = 18.2;
				MARKETING_VERSION = 1.0;
				PRODUCT_BUNDLE_IDENTIFIER = com.avinash.AssigmentTests;
				PRODUCT_NAME = "$(TARGET_NAME)";
				SWIFT_EMIT_LOC_STRINGS = NO;
				SWIFT_VERSION = 5.0;
				TARGETED_DEVICE_FAMILY = "1,2";
				TEST_HOST = "$(BUILT_PRODUCTS_DIR)/Assigment.app/$(BUNDLE_EXECUTABLE_FOLDER_PATH)/Assigment";
			};
			name = Release;
		};
		E1A988342E2B4AA80084D148 /* Debug */ = {
			isa = XCBuildConfiguration;
			buildSettings = {
				CODE_SIGN_STYLE = Automatic;
				CURRENT_PROJECT_VERSION = 1;
				DEVELOPMENT_TEAM = WT2885ZX46;
				GENERATE_INFOPLIST_FILE = YES;
				MARKETING_VERSION = 1.0;
				PRODUCT_BUNDLE_IDENTIFIER = com.avinash.AssigmentUITests;
				PRODUCT_NAME = "$(TARGET_NAME)";
				SWIFT_EMIT_LOC_STRINGS = NO;
				SWIFT_VERSION = 5.0;
				TARGETED_DEVICE_FAMILY = "1,2";
				TEST_TARGET_NAME = Assigment;
			};
			name = Debug;
		};
		E1A988352E2B4AA80084D148 /* Release */ = {
			isa = XCBuildConfiguration;
			buildSettings = {
				CODE_SIGN_STYLE = Automatic;
				CURRENT_PROJECT_VERSION = 1;
				DEVELOPMENT_TEAM = WT2885ZX46;
				GENERATE_INFOPLIST_FILE = YES;
				MARKETING_VERSION = 1.0;
				PRODUCT_BUNDLE_IDENTIFIER = com.avinash.AssigmentUITests;
				PRODUCT_NAME = "$(TARGET_NAME)";
				SWIFT_EMIT_LOC_STRINGS = NO;
				SWIFT_VERSION = 5.0;
				TARGETED_DEVICE_FAMILY = "1,2";
				TEST_TARGET_NAME = Assigment;
			};
			name = Release;
		};
/* End XCBuildConfiguration section */

/* Begin XCConfigurationList section */
		E1A987FA2E2B4AA50084D148 /* Build configuration list for PBXProject "Assigment" */ = {
			isa = XCConfigurationList;
			buildConfigurations = (
				E1A9882E2E2B4AA80084D148 /* Debug */,
				E1A9882F2E2B4AA80084D148 /* Release */,
			);
			defaultConfigurationIsVisible = 0;
			defaultConfigurationName = Release;
		};
		E1A9882B2E2B4AA80084D148 /* Build configuration list for PBXNativeTarget "Assigment" */ = {
			isa = XCConfigurationList;
			buildConfigurations = (
				E1A9882C2E2B4AA80084D148 /* Debug */,
				E1A9882D2E2B4AA80084D148 /* Release */,
			);
			defaultConfigurationIsVisible = 0;
			defaultConfigurationName = Release;
		};
		E1A988302E2B4AA80084D148 /* Build configuration list for PBXNativeTarget "AssigmentTests" */ = {
			isa = XCConfigurationList;
			buildConfigurations = (
				E1A988312E2B4AA80084D148 /* Debug */,
				E1A988322E2B4AA80084D148 /* Release */,
			);
			defaultConfigurationIsVisible = 0;
			defaultConfigurationName = Release;
		};
		E1A988332E2B4AA80084D148 /* Build configuration list for PBXNativeTarget "AssigmentUITests" */ = {
			isa = XCConfigurationList;
			buildConfigurations = (
				E1A988342E2B4AA80084D148 /* Debug */,
				E1A988352E2B4AA80084D148 /* Release */,
			);
			defaultConfigurationIsVisible = 0;
			defaultConfigurationName = Release;
		};
/* End XCConfigurationList section */

/* Begin XCRemoteSwiftPackageReference section */
		E1A988372E2B4BC10084D148 /* XCRemoteSwiftPackageReference "Charts" */ = {
			isa = XCRemoteSwiftPackageReference;
			repositoryURL = "https://github.com/danielgindi/Charts.git";
			requirement = {
				kind = upToNextMajorVersion;
				minimumVersion = 5.1.0;
			};
		};
		E1A9883A2E2B4BE10084D148 /* XCRemoteSwiftPackageReference "RxSwift" */ = {
			isa = XCRemoteSwiftPackageReference;
			repositoryURL = "https://github.com/ReactiveX/RxSwift.git";
			requirement = {
				kind = upToNextMajorVersion;
				minimumVersion = 6.9.0;
			};
		};
/* End XCRemoteSwiftPackageReference section */

/* Begin XCSwiftPackageProductDependency section */
		E1A988382E2B4BC10084D148 /* DGCharts */ = {
			isa = XCSwiftPackageProductDependency;
			package = E1A988372E2B4BC10084D148 /* XCRemoteSwiftPackageReference "Charts" */;
			productName = DGCharts;
		};
		E1A9883B2E2B4BE10084D148 /* RxBlocking */ = {
			isa = XCSwiftPackageProductDependency;
			package = E1A9883A2E2B4BE10084D148 /* XCRemoteSwiftPackageReference "RxSwift" */;
			productName = RxBlocking;
		};
		E1A9883D2E2B4BE10084D148 /* RxCocoa */ = {
			isa = XCSwiftPackageProductDependency;
			package = E1A9883A2E2B4BE10084D148 /* XCRemoteSwiftPackageReference "RxSwift" */;
			productName = RxCocoa;
		};
		E1A9883F2E2B4BE10084D148 /* RxRelay */ = {
			isa = XCSwiftPackageProductDependency;
			package = E1A9883A2E2B4BE10084D148 /* XCRemoteSwiftPackageReference "RxSwift" */;
			productName = RxRelay;
		};
		E1A988412E2B4BE10084D148 /* RxSwift */ = {
			isa = XCSwiftPackageProductDependency;
			package = E1A9883A2E2B4BE10084D148 /* XCRemoteSwiftPackageReference "RxSwift" */;
			productName = RxSwift;
		};
/* End XCSwiftPackageProductDependency section */
	};
	rootObject = E1A987F72E2B4AA50084D148 /* Project object */;
}
